
Microsoft Visual Studio Solution File, Format Version 12.00
# Visual Studio Version 17
VisualStudioVersion = 17.4.33213.308
MinimumVisualStudioVersion = 10.0.40219.1
Project("{54A90642-561A-4BB1-A94E-469ADEE60C69}") = "AppCode", "AppCode\AppCode.esproj", "{B053D4C7-3B8D-4C16-BB92-2F48D8EFEB89}"
EndProject
Global
	GlobalSection(SolutionConfigurationPlatforms) = preSolution
		Debug|Any CPU = Debug|Any CPU
		Release|Any CPU = Release|Any CPU
	EndGlobalSection
	GlobalSection(ProjectConfigurationPlatforms) = postSolution
		{B053D4C7-3B8D-4C16-BB92-2F48D8EFEB89}.Debug|Any CPU.ActiveCfg = Debug|Any CPU
		{B053D4C7-3B8D-4C16-BB92-2F48D8EFEB89}.Debug|Any CPU.Build.0 = Debug|Any CPU
		{B053D4C7-3B8D-4C16-BB92-2F48D8EFEB89}.Debug|Any CPU.Deploy.0 = Debug|Any CPU
		{B053D4C7-3B8D-4C16-BB92-2F48D8EFEB89}.Release|Any CPU.ActiveCfg = Release|Any CPU
		{B053D4C7-3B8D-4C16-BB92-2F48D8EFEB89}.Release|Any CPU.Build.0 = Release|Any CPU
		{B053D4C7-3B8D-4C16-BB92-2F48D8EFEB89}.Release|Any CPU.Deploy.0 = Release|Any CPU
	EndGlobalSection
	GlobalSection(SolutionProperties) = preSolution
		HideSolutionNode = FALSE
	EndGlobalSection
	GlobalSection(ExtensibilityGlobals) = postSolution
		SolutionGuid = {44C68E08-0A93-4915-9368-7EDB2CB71369}
	EndGlobalSection
EndGlobal
